version = 1
revision = 3
requires-python = ">=3.13"

[[package]]
name = "attrs"
version = "26.1.0"
source = { registry = "https://pypi.org/simple" }
sdist = { url = "https://files.pythonhosted.org/packages/9a/8e/82a0fe20a541c03148528be8cac2408564a6c9a0cc7e9171802bc1d26985/attrs-26.1.0.tar.gz", hash = "sha256:d03ceb89cb322a8fd706d4fb91940737b6642aa36998fe130a9bc96c985eff32", size = 952055, upload-time = "2026-03-19T14:22:25.026Z" }
wheels = [
    { url = "https://files.pythonhosted.org/packages/64/b4/17d4b0b2a2dc85a6df63d1157e028ed19f90d4cd97c36717afef2bc2f395/attrs-26.1.0-py3-none-any.whl", hash = "sha256:c647aa4a12dfbad9333ca4e71fe62ddc36f4e63b2d260a37a8b83d2f043ac309", size = 67548, upload-time = "2026-03-19T14:22:23.645Z" },
]

[[package]]
name = "cffi"
version = "2.0.0"
source = { registry = "https://pypi.org/simple" }
dependencies = [
    { name = "pycparser", marker = "implementation_name != 'PyPy'" },
]
sdist = { url = "https://files.pythonhosted.org/packages/eb/56/b1ba7935a17738ae8453301356628e8147c79dbb825bcbc73dc7401f9846/cffi-2.0.0.tar.gz", hash = "sha256:44d1b5909021139fe36001ae048dbdde8214afa20200eda0f64c068cac5d5529", size = 523588, upload-time = "2025-09-08T23:24:04.541Z" }
wheels = [
    { url = "https://files.pythonhosted.org/packages/4b/8d/a0a47a0c9e413a658623d014e91e74a50cdd2c423f7ccfd44086ef767f90/cffi-2.0.0-cp313-cp313-macosx_10_13_x86_64.whl", hash = "sha256:00bdf7acc5f795150faa6957054fbbca2439db2f775ce831222b66f192f03beb", size = 185230, upload-time = "2025-09-08T23:23:00.879Z" },
    { url = "https://files.pythonhosted.org/packages/4a/d2/a6c0296814556c68ee32009d9c2ad4f85f2707cdecfd7727951ec228005d/cffi-2.0.0-cp313-cp313-macosx_11_0_arm64.whl", hash = "sha256:45d5e886156860dc35862657e1494b9bae8dfa63bf56796f2fb56e1679fc0bca", size = 181043, upload-time = "2025-09-08T23:23:02.231Z" },
    { url = "https://files.pythonhosted.org/packages/b0/1e/d22cc63332bd59b06481ceaac49d6c507598642e2230f201649058a7e704/cffi-2.0.0-cp313-cp313-manylinux1_i686.manylinux2014_i686.manylinux_2_17_i686.manylinux_2_5_i686.whl", hash = "sha256:07b271772c100085dd28b74fa0cd81c8fb1a3ba18b21e03d7c27f3436a10606b", size = 212446, upload-time = "2025-09-08T23:23:03.472Z" },
    { url = "https://files.pythonhosted.org/packages/a9/f5/a2c23eb03b61a0b8747f211eb716446c826ad66818ddc7810cc2cc19b3f2/cffi-2.0.0-cp313-cp313-manylinux2014_aarch64.manylinux_2_17_aarch64.whl", hash = "sha256:d48a880098c96020b02d5a1f7d9251308510ce8858940e6fa99ece33f610838b", size = 220101, upload-time = "2025-09-08T23:23:04.792Z" },
    { url = "https://files.pythonhosted.org/packages/f2/7f/e6647792fc5850d634695bc0e6ab4111ae88e89981d35ac269956605feba/cffi-2.0.0-cp313-cp313-manylinux2014_ppc64le.manylinux_2_17_ppc64le.whl", hash = "sha256:f93fd8e5c8c0a4aa1f424d6173f14a892044054871c771f8566e4008eaa359d2", size = 207948, upload-time = "2025-09-08T23:23:06.127Z" },
    { url = "https://files.pythonhosted.org/packages/cb/1e/a5a1bd6f1fb30f22573f76533de12a00bf274abcdc55c8edab639078abb6/cffi-2.0.0-cp313-cp313-manylinux2014_s390x.manylinux_2_17_s390x.whl", hash = "sha256:dd4f05f54a52fb558f1ba9f528228066954fee3ebe629fc1660d874d040ae5a3", size = 206422, upload-time = "2025-09-08T23:23:07.753Z" },
    { url = "https://files.pythonhosted.org/packages/98/df/0a1755e750013a2081e863e7cd37e0cdd02664372c754e5560099eb7aa44/cffi-2.0.0-cp313-cp313-manylinux2014_x86_64.manylinux_2_17_x86_64.whl", hash = "sha256:c8d3b5532fc71b7a77c09192b4a5a200ea992702734a2e9279a37f2478236f26", size = 219499, upload-time = "2025-09-08T23:23:09.648Z" },
    { url = "https://files.pythonhosted.org/packages/50/e1/a969e687fcf9ea58e6e2a928ad5e2dd88cc12f6f0ab477e9971f2309b57c/cffi-2.0.0-cp313-cp313-musllinux_1_2_aarch64.whl", hash = "sha256:d9b29c1f0ae438d5ee9acb31cadee00a58c46cc9c0b2f9038c6b0b3470877a8c", size = 222928, upload-time = "2025-09-08T23:23:10.928Z" },
    { url = "https://files.pythonhosted.org/packages/36/54/0362578dd2c9e557a28ac77698ed67323ed5b9775ca9d3fe73fe191bb5d8/cffi-2.0.0-cp313-cp313-musllinux_1_2_x86_64.whl", hash = "sha256:6d50360be4546678fc1b79ffe7a66265e28667840010348dd69a314145807a1b", size = 221302, upload-time = "2025-09-08T23:23:12.42Z" },
    { url = "https://files.pythonhosted.org/packages/eb/6d/bf9bda840d5f1dfdbf0feca87fbdb64a918a69bca42cfa0ba7b137c48cb8/cffi-2.0.0-cp313-cp313-win32.whl", hash = "sha256:74a03b9698e198d47562765773b4a8309919089150a0bb17d829ad7b44b60d27", size = 172909, upload-time = "2025-09-08T23:23:14.32Z" },
    { url = "https://files.pythonhosted.org/packages/37/18/6519e1ee6f5a1e579e04b9ddb6f1676c17368a7aba48299c3759bbc3c8b3/cffi-2.0.0-cp313-cp313-win_amd64.whl", hash = "sha256:19f705ada2530c1167abacb171925dd886168931e0a7b78f5bffcae5c6b5be75", size = 183402, upload-time = "2025-09-08T23:23:15.535Z" },
    { url = "https://files.pythonhosted.org/packages/cb/0e/02ceeec9a7d6ee63bb596121c2c8e9b3a9e150936f4fbef6ca1943e6137c/cffi-2.0.0-cp313-cp313-win_arm64.whl", hash = "sha256:256f80b80ca3853f90c21b23ee78cd008713787b1b1e93eae9f3d6a7134abd91", size = 177780, upload-time = "2025-09-08T23:23:16.761Z" },
    { url = "https://files.pythonhosted.org/packages/92/c4/3ce07396253a83250ee98564f8d7e9789fab8e58858f35d07a9a2c78de9f/cffi-2.0.0-cp314-cp314-macosx_10_13_x86_64.whl", hash = "sha256:fc33c5141b55ed366cfaad382df24fe7dcbc686de5be719b207bb248e3053dc5", size = 185320, upload-time = "2025-09-08T23:23:18.087Z" },
    { url = "https://files.pythonhosted.org/packages/59/dd/27e9fa567a23931c838c6b02d0764611c62290062a6d4e8ff7863daf9730/cffi-2.0.0-cp314-cp314-macosx_11_0_arm64.whl", hash = "sha256:c654de545946e0db659b3400168c9ad31b5d29593291482c43e3564effbcee13", size = 181487, upload-time = "2025-09-08T23:23:19.622Z" },
    { url = "https://files.pythonhosted.org/packages/d6/43/0e822876f87ea8a4ef95442c3d766a06a51fc5298823f884ef87aaad168c/cffi-2.0.0-cp314-cp314-manylinux2014_aarch64.manylinux_2_17_aarch64.whl", hash = "sha256:24b6f81f1983e6df8db3adc38562c83f7d4a0c36162885ec7f7b77c7dcbec97b", size = 220049, upload-time = "2025-09-08T23:23:20.853Z" },
    { url = "https://files.pythonhosted.org/packages/b4/89/76799151d9c2d2d1ead63c2429da9ea9d7aac304603de0c6e8764e6e8e70/cffi-2.0.0-cp314-cp314-manylinux2014_ppc64le.manylinux_2_17_ppc64le.whl", hash = "sha256:12873ca6cb9b0f0d3a0da705d6086fe911591737a59f28b7936bdfed27c0d47c", size = 207793, upload-time = "2025-09-08T23:23:22.08Z" },
    { url = "https://files.pythonhosted.org/packages/bb/dd/3465b14bb9e24ee24cb88c9e3730f6de63111fffe513492bf8c808a3547e/cffi-2.0.0-cp314-cp314-manylinux2014_s390x.manylinux_2_17_s390x.whl", hash = "sha256:d9b97165e8aed9272a6bb17c01e3cc5871a594a446ebedc996e2397a1c1ea8ef", size = 206300, upload-time = "2025-09-08T23:23:23.314Z" },
    { url = "https://files.pythonhosted.org/packages/47/d9/d83e293854571c877a92da46fdec39158f8d7e68da75bf73581225d28e90/cffi-2.0.0-cp314-cp314-manylinux2014_x86_64.manylinux_2_17_x86_64.whl", hash = "sha256:afb8db5439b81cf9c9d0c80404b60c3cc9c3add93e114dcae767f1477cb53775", size = 219244, upload-time = "2025-09-08T23:23:24.541Z" },
    { url = "https://files.pythonhosted.org/packages/2b/0f/1f177e3683aead2bb00f7679a16451d302c436b5cbf2505f0ea8146ef59e/cffi-2.0.0-cp314-cp314-musllinux_1_2_aarch64.whl", hash = "sha256:737fe7d37e1a1bffe70bd5754ea763a62a066dc5913ca57e957824b72a85e205", size = 222828, upload-time = "2025-09-08T23:23:26.143Z" },
    { url = "https://files.pythonhosted.org/packages/c6/0f/cafacebd4b040e3119dcb32fed8bdef8dfe94da653155f9d0b9dc660166e/cffi-2.0.0-cp314-cp314-musllinux_1_2_x86_64.whl", hash = "sha256:38100abb9d1b1435bc4cc340bb4489635dc2f0da7456590877030c9b3d40b0c1", size = 220926, upload-time = "2025-09-08T23:23:27.873Z" },
    { url = "https://files.pythonhosted.org/packages/3e/aa/df335faa45b395396fcbc03de2dfcab242cd61a9900e914fe682a59170b1/cffi-2.0.0-cp314-cp314-win32.whl", hash = "sha256:087067fa8953339c723661eda6b54bc98c5625757ea62e95eb4898ad5e776e9f", size = 175328, upload-time = "2025-09-08T23:23:44.61Z" },
    { url = "https://files.pythonhosted.org/packages/bb/92/882c2d30831744296ce713f0feb4c1cd30f346ef747b530b5318715cc367/cffi-2.0.0-cp314-cp314-win_amd64.whl", hash = "sha256:203a48d1fb583fc7d78a4c6655692963b860a417c0528492a6bc21f1aaefab25", size = 185650, upload-time = "2025-09-08T23:23:45.848Z" },
    { url = "https://files.pythonhosted.org/packages/9f/2c/98ece204b9d35a7366b5b2c6539c350313ca13932143e79dc133ba757104/cffi-2.0.0-cp314-cp314-win_arm64.whl", hash = "sha256:dbd5c7a25a7cb98f5ca55d258b103a2054f859a46ae11aaf23134f9cc0d356ad", size = 180687, upload-time = "2025-09-08T23:23:47.105Z" },
    { url = "https://files.pythonhosted.org/packages/3e/61/c768e4d548bfa607abcda77423448df8c471f25dbe64fb2ef6d555eae006/cffi-2.0.0-cp314-cp314t-macosx_10_13_x86_64.whl", hash = "sha256:9a67fc9e8eb39039280526379fb3a70023d77caec1852002b4da7e8b270c4dd9", size = 188773, upload-time = "2025-09-08T23:23:29.347Z" },
    { url = "https://files.pythonhosted.org/packages/2c/ea/5f76bce7cf6fcd0ab1a1058b5af899bfbef198bea4d5686da88471ea0336/cffi-2.0.0-cp314-cp314t-macosx_11_0_arm64.whl", hash = "sha256:7a66c7204d8869299919db4d5069a82f1561581af12b11b3c9f48c584eb8743d", size = 185013, upload-time = "2025-09-08T23:23:30.63Z" },
    { url = "https://files.pythonhosted.org/packages/be/b4/c56878d0d1755cf9caa54ba71e5d049479c52f9e4afc230f06822162ab2f/cffi-2.0.0-cp314-cp314t-manylinux2014_aarch64.manylinux_2_17_aarch64.whl", hash = "sha256:7cc09976e8b56f8cebd752f7113ad07752461f48a58cbba644139015ac24954c", size = 221593, upload-time = "2025-09-08T23:23:31.91Z" },
    { url = "https://files.pythonhosted.org/packages/e0/0d/eb704606dfe8033e7128df5e90fee946bbcb64a04fcdaa97321309004000/cffi-2.0.0-cp314-cp314t-manylinux2014_ppc64le.manylinux_2_17_ppc64le.whl", hash = "sha256:92b68146a71df78564e4ef48af17551a5ddd142e5190cdf2c5624d0c3ff5b2e8", size = 209354, upload-time = "2025-09-08T23:23:33.214Z" },
    { url = "https://files.pythonhosted.org/packages/d8/19/3c435d727b368ca475fb8742ab97c9cb13a0de600ce86f62eab7fa3eea60/cffi-2.0.0-cp314-cp314t-manylinux2014_s390x.manylinux_2_17_s390x.whl", hash = "sha256:b1e74d11748e7e98e2f426ab176d4ed720a64412b6a15054378afdb71e0f37dc", size = 208480, upload-time = "2025-09-08T23:23:34.495Z" },
    { url = "https://files.pythonhosted.org/packages/d0/44/681604464ed9541673e486521497406fadcc15b5217c3e326b061696899a/cffi-2.0.0-cp314-cp314t-manylinux2014_x86_64.manylinux_2_17_x86_64.whl", hash = "sha256:28a3a209b96630bca57cce802da70c266eb08c6e97e5afd61a75611ee6c64592", size = 221584, upload-time = "2025-09-08T23:23:36.096Z" },
    { url = "https://files.pythonhosted.org/packages/25/8e/342a504ff018a2825d395d44d63a767dd8ebc927ebda557fecdaca3ac33a/cffi-2.0.0-cp314-cp314t-musllinux_1_2_aarch64.whl", hash = "sha256:7553fb2090d71822f02c629afe6042c299edf91ba1bf94951165613553984512", size = 224443, upload-time = "2025-09-08T23:23:37.328Z" },
    { url = "https://files.pythonhosted.org/packages/e1/5e/b666bacbbc60fbf415ba9988324a132c9a7a0448a9a8f125074671c0f2c3/cffi-2.0.0-cp314-cp314t-musllinux_1_2_x86_64.whl", hash = "sha256:6c6c373cfc5c83a975506110d17457138c8c63016b563cc9ed6e056a82f13ce4", size = 223437, upload-time = "2025-09-08T23:23:38.945Z" },
    { url = "https://files.pythonhosted.org/packages/a0/1d/ec1a60bd1a10daa292d3cd6bb0b359a81607154fb8165f3ec95fe003b85c/cffi-2.0.0-cp314-cp314t-win32.whl", hash = "sha256:1fc9ea04857caf665289b7a75923f2c6ed559b8298a1b8c49e59f7dd95c8481e", size = 180487, upload-time = "2025-09-08T23:23:40.423Z" },
    { url = "https://files.pythonhosted.org/packages/bf/41/4c1168c74fac325c0c8156f04b6749c8b6a8f405bbf91413ba088359f60d/cffi-2.0.0-cp314-cp314t-win_amd64.whl", hash = "sha256:d68b6cef7827e8641e8ef16f4494edda8b36104d79773a334beaa1e3521430f6", size = 191726, upload-time = "2025-09-08T23:23:41.742Z" },
    { url = "https://files.pythonhosted.org/packages/ae/3a/dbeec9d1ee0844c679f6bb5d6ad4e9f198b1224f4e7a32825f47f6192b0c/cffi-2.0.0-cp314-cp314t-win_arm64.whl", hash = "sha256:0a1527a803f0a659de1af2e1fd700213caba79377e27e4693648c2923da066f9", size = 184195, upload-time = "2025-09-08T23:23:43.004Z" },
]

[[package]]
name = "msgpack"
version = "1.2.1"
source = { registry = "https://pypi.org/simple" }
sdist = { url = "https://files.pythonhosted.org/packages/31/f9/c0a1c127f9049db9155afc316952ea571720dd01833ff5e4d7e8e6352dbb/msgpack-1.2.1.tar.gz", hash = "sha256:04c721c2c7448767e9e3f2520a475663d8ee0f09c31890f6d2bd70fd636a9647", size = 183960, upload-time = "2026-06-18T16:13:52.594Z" }
wheels = [
    { url = "https://files.pythonhosted.org/packages/b0/ac/dcddcab6f6c20ecb387ca5e980371cdb3f87ff69aeca388be97eebc4c074/msgpack-1.2.1-cp313-cp313-macosx_10_13_x86_64.whl", hash = "sha256:0a70e3cf2804a300d921bb0940426e35f4e489a23adfb77a808892241db0a064", size = 83151, upload-time = "2026-06-18T16:13:12.173Z" },
    { url = "https://files.pythonhosted.org/packages/64/71/fbcfa83a1d6a9c6091942d1cfd070962244664b87427a9a49a6897b1b219/msgpack-1.2.1-cp313-cp313-macosx_11_0_arm64.whl", hash = "sha256:491cc39455ca765fad51fb451bf2915eb2cf41192ab5801ce8d67c1d614fe056", size = 82351, upload-time = "2026-06-18T16:13:13.194Z" },
    { url = "https://files.pythonhosted.org/packages/e3/10/ddf7b06db879e8792d13934ddda09ff20bd2a583fd84c9b59aae9b0e650b/msgpack-1.2.1-cp313-cp313-manylinux2014_aarch64.manylinux_2_17_aarch64.manylinux_2_28_aarch64.whl", hash = "sha256:f310233ef7fb9c14e201c93639fe5f5260b005f56f0b29048e999c30935596cc", size = 407518, upload-time = "2026-06-18T16:13:14.233Z" },
    { url = "https://files.pythonhosted.org/packages/79/d3/36a46a8ed992b781acbc05928bd5bee3c810cb0c3563bf81a7b0c04a1a76/msgpack-1.2.1-cp313-cp313-manylinux2014_x86_64.manylinux_2_17_x86_64.manylinux_2_28_x86_64.whl", hash = "sha256:787c9bebb5833e8f6fc8abca3c0597683d8d87f56a8842b6b89c75a5f3176e2d", size = 416405, upload-time = "2026-06-18T16:13:15.435Z" },
    { url = "https://files.pythonhosted.org/packages/f9/84/e8e9598b557c0ba6ddae901a73780a4c75ac667dddf59414b1e56a42fb34/msgpack-1.2.1-cp313-cp313-manylinux_2_31_riscv64.manylinux_2_39_riscv64.whl", hash = "sha256:dc871b997a9370d855b7394465f2f350e847a5b806dd38dcc9c989e7d87da155", size = 376257, upload-time = "2026-06-18T16:13:17.022Z" },
    { url = "https://files.pythonhosted.org/packages/40/16/738fe6d875ad7e2a9429c165322a4ec088f4f273cdfae63d96a89c467961/msgpack-1.2.1-cp313-cp313-musllinux_1_2_aarch64.whl", hash = "sha256:85f57e960d877f2977f6430896191b04a21f8901b3b4baf2e4604329f4db5402", size = 397469, upload-time = "2026-06-18T16:13:18.287Z" },
    { url = "https://files.pythonhosted.org/packages/ca/be/6d5952df75a7f24f35833af764c3a6860780364cb3a0030beb8099e1b2b4/msgpack-1.2.1-cp313-cp313-musllinux_1_2_riscv64.whl", hash = "sha256:1233ee2dd0cefba127583de50ea654677277047d238303521db35def3d7b2e7c", size = 372802, upload-time = "2026-06-18T16:13:19.685Z" },
    { url = "https://files.pythonhosted.org/packages/e1/39/e2ef7dbf0473bcb8dc7c50bf782a892d67414877b63e47fc88eb189ef5e6/msgpack-1.2.1-cp313-cp313-musllinux_1_2_x86_64.whl", hash = "sha256:e3dc2feb0876209d9c38aa56cb1de169bd6c4348f1aa48271f241226590993e6", size = 411273, upload-time = "2026-06-18T16:13:21.028Z" },
    { url = "https://files.pythonhosted.org/packages/ef/c5/133f4512a56e983a93445c836c9d94d88f3bc2e0980ff4b9e577bd8416ce/msgpack-1.2.1-cp313-cp313-win32.whl", hash = "sha256:6d09badf350af2be9d189184e04e64cf54ad93569ab3d96fca58bd3e84aad707", size = 64471, upload-time = "2026-06-18T16:13:22.293Z" },
    { url = "https://files.pythonhosted.org/packages/e2/98/577e10b055096a7dd40732358cabaf7180a20c79ed1dcdbb618e4b9deac7/msgpack-1.2.1-cp313-cp313-win_amd64.whl", hash = "sha256:33f14fba63278b714efe6ad07e50ea5f03d91537aa6a1c5f1ceca4cf44013ca9", size = 71274, upload-time = "2026-06-18T16:13:23.455Z" },
    { url = "https://files.pythonhosted.org/packages/ba/ee/0c0048e7cfbef23c6a94791b8959ab28155232e7956de8a305b5ff588f05/msgpack-1.2.1-cp313-cp313-win_arm64.whl", hash = "sha256:afc5febcd4c99effbc02b528e49d6fd0760b2b7d48c05239e345a5fa6e743d9a", size = 64795, upload-time = "2026-06-18T16:13:24.687Z" },
    { url = "https://files.pythonhosted.org/packages/77/58/cce442852c6b9e1639c7c8ac8fd9143121cb32dab0f308df4d1426a8eb9c/msgpack-1.2.1-cp314-cp314-macosx_10_15_x86_64.whl", hash = "sha256:05f340e47e7e47d2da8db9b53e1bb1d294369e9ef45a747441309f6650b8351d", size = 83610, upload-time = "2026-06-18T16:13:25.724Z" },
    { url = "https://files.pythonhosted.org/packages/60/5c/15b4c7a0182f75ffa90751958ba36a9c01cafee367d49a3edc10ed140b01/msgpack-1.2.1-cp314-cp314-macosx_11_0_arm64.whl", hash = "sha256:810b916696c86ef0deb3b74588480224df4c1b071136c34183e4a2a4284d7ac7", size = 83138, upload-time = "2026-06-18T16:13:26.781Z" },
    { url = "https://files.pythonhosted.org/packages/b8/a6/99e58722feaffc5f2fbcc0c8c0d1451ab9f84097f7af87291b46af2390f4/msgpack-1.2.1-cp314-cp314-manylinux2014_aarch64.manylinux_2_17_aarch64.manylinux_2_28_aarch64.whl", hash = "sha256:ca0dacff965c47afdc3749a8469d7302a8f801d6a28758d55120d75e66ce6889", size = 406090, upload-time = "2026-06-18T16:13:28.072Z" },
    { url = "https://files.pythonhosted.org/packages/19/03/8c63e8cf52958534ef688625965ab04c269a6cadd8caef16758b380a821a/msgpack-1.2.1-cp314-cp314-manylinux2014_x86_64.manylinux_2_17_x86_64.manylinux_2_28_x86_64.whl", hash = "sha256:0e2bf9280bceb5efca998435904b5d3e9fdbcc11d90dc9df30aec7973252b720", size = 412106, upload-time = "2026-06-18T16:13:29.427Z" },
    { url = "https://files.pythonhosted.org/packages/63/d2/155d9e71b40e41fd934bc0c48b9b2770f22263e1ac20aad8e29fdca7be3f/msgpack-1.2.1-cp314-cp314-manylinux_2_31_riscv64.manylinux_2_39_riscv64.whl", hash = "sha256:aa6c4be5d1c02a42b066ca6ddb71adf36432868fdcdb6ee87e634e86e0674190", size = 374851, upload-time = "2026-06-18T16:13:30.631Z" },
    { url = "https://files.pythonhosted.org/packages/98/48/deaf2326262a8d5ea3295ce9649912ecd3f551ba7ec8e33c665d2ba583f3/msgpack-1.2.1-cp314-cp314-musllinux_1_2_aarch64.whl", hash = "sha256:ec0e675d59150a6269ddc9139087c722292664a37d071a849c05c473350f1f2d", size = 396168, upload-time = "2026-06-18T16:13:31.977Z" },
    { url = "https://files.pythonhosted.org/packages/10/2a/b4410f906c2ec0008f1608d3ab5143afc3ad3f4e6da0fed3ea2231d0bef4/msgpack-1.2.1-cp314-cp314-musllinux_1_2_riscv64.whl", hash = "sha256:dd3bfe82d53edfe4b7fc9a7ec9761e23a7a5b1dac22264505af428253c29ed24", size = 371959, upload-time = "2026-06-18T16:13:33.282Z" },
    { url = "https://files.pythonhosted.org/packages/59/86/1edc67270099a528fa2093ea60fe191233cd238e4bd30cfacf7db79fc959/msgpack-1.2.1-cp314-cp314-musllinux_1_2_x86_64.whl", hash = "sha256:5ad5467fc3f68b5468e06c5f788d712e9f8ffc8b0cd1bcb160c105c1ee92dae7", size = 408457, upload-time = "2026-06-18T16:13:34.567Z" },
    { url = "https://files.pythonhosted.org/packages/82/90/8b630fef07d8c5ab457b71ff2c217910c83d333c7a68472c186e87cc504a/msgpack-1.2.1-cp314-cp314-win32.whl", hash = "sha256:98b58bdb89c46190e4609bb36abe17c6d4105ad13f9c5f8f6f64d320f8ced3fb", size = 65942, upload-time = "2026-06-18T16:13:36.056Z" },
    { url = "https://files.pythonhosted.org/packages/16/f1/467b81e98b24dd3885d7b1857728797b4ffc76a7a7483af4fb321a07de3c/msgpack-1.2.1-cp314-cp314-win_amd64.whl", hash = "sha256:74847557e28ce71bd3c438a447ca90e4b507e997ddbdef8a12a7b283b86c156b", size = 72627, upload-time = "2026-06-18T16:13:37.079Z" },
    { url = "https://files.pythonhosted.org/packages/a7/1d/5d8c4c89985feb6acefb82a09e501c60392261856d2408d20bfe4f0360b1/msgpack-1.2.1-cp314-cp314-win_arm64.whl", hash = "sha256:b50b727bd652bdc37d950336c848ef20ec54a4cafc38dce19b1cd86ad625d0f7", size = 66908, upload-time = "2026-06-18T16:13:38.23Z" },
    { url = "https://files.pythonhosted.org/packages/1b/02/ad2afb678b4de94496cd432b581759b756a92c1192d8c767edd6b132efdc/msgpack-1.2.1-cp314-cp314t-macosx_10_15_x86_64.whl", hash = "sha256:8d00f177ca88a77c1cf848d204a38f249751650b601cb6532acc68805d8a8273", size = 86000, upload-time = "2026-06-18T16:13:39.44Z" },
    { url = "https://files.pythonhosted.org/packages/54/74/0b797484013128837f3b1cbb6cea019277c4de4e377dc512b4d9a0f92940/msgpack-1.2.1-cp314-cp314t-macosx_11_0_arm64.whl", hash = "sha256:5bb9c386f0a329c035ddbab4b72d1028bf9627add8dda41070288563d57ed1b1", size = 86544, upload-time = "2026-06-18T16:13:40.447Z" },
    { url = "https://files.pythonhosted.org/packages/a9/b4/b774d7eb95561739907fec675582f83203cf41c597a418c2589b4bfb8e9d/msgpack-1.2.1-cp314-cp314t-manylinux2014_aarch64.manylinux_2_17_aarch64.manylinux_2_28_aarch64.whl", hash = "sha256:20466cca18c49c7292a8984bc15d65857b171e7264bdcb5f96baf8be238791fc", size = 427661, upload-time = "2026-06-18T16:13:41.574Z" },
    { url = "https://files.pythonhosted.org/packages/b2/f9/3243191dc9937e00756c8bc1b0272fed8f23758e43df2a3b46f533e5090f/msgpack-1.2.1-cp314-cp314t-manylinux2014_x86_64.manylinux_2_17_x86_64.manylinux_2_28_x86_64.whl", hash = "sha256:196300e7e5d6e74d50f1607ab9c06c4a1484c383cd22defd727902591f7e8dde", size = 426375, upload-time = "2026-06-18T16:13:42.936Z" },
    { url = "https://files.pythonhosted.org/packages/23/c7/1693111db9944ba4ad4b67a1e788400d78a0b6af7a6523dc7e4e58f8274b/msgpack-1.2.1-cp314-cp314t-manylinux_2_31_riscv64.manylinux_2_39_riscv64.whl", hash = "sha256:575957e79cd51903a4e8495a242442949641e08f1efd5197b43bebd3ea7682b4", size = 380495, upload-time = "2026-06-18T16:13:44.306Z" },
    { url = "https://files.pythonhosted.org/packages/3e/2b/92f86956a0c13e8662f7e2ad630c4eb4db07497b967589bd5245e018b2c1/msgpack-1.2.1-cp314-cp314t-musllinux_1_2_aarch64.whl", hash = "sha256:8c2ed1e48cc0f460bf3c7780e7137ff21a4e18433451916f2442c1b21036cd7d", size = 410897, upload-time = "2026-06-18T16:13:45.629Z" },
    { url = "https://files.pythonhosted.org/packages/da/ea/1479f72d200313a76fc2f823a79d1e07ed052ab7b8a0280640aa7b95de42/msgpack-1.2.1-cp314-cp314t-musllinux_1_2_riscv64.whl", hash = "sha256:5f6277e5f783c36786a145e0247fc189a03f35f84b251646e53592d2bc12b355", size = 378519, upload-time = "2026-06-18T16:13:46.998Z" },
    { url = "https://files.pythonhosted.org/packages/f5/4d/fa006060ffa1011d32bfae826fe766fe73e02982183601633b7121058ab3/msgpack-1.2.1-cp314-cp314t-musllinux_1_2_x86_64.whl", hash = "sha256:f9389552ecf4784886345ead0647e4edc96bee37cbab05b75540f542f766c48c", size = 419815, upload-time = "2026-06-18T16:13:48.205Z" },
    { url = "https://files.pythonhosted.org/packages/2f/e1/aab6c946570496b78e67804721f3d5e2d62a93081b9b37df77764ef56347/msgpack-1.2.1-cp314-cp314t-win32.whl", hash = "sha256:c1c79a604a2969a868a78b6ebd27a887e00c624f14f66b3038e0590cb23332d1", size = 70914, upload-time = "2026-06-18T16:13:49.385Z" },
    { url = "https://files.pythonhosted.org/packages/13/0a/e608956488a2af014cfe6e3d665e090b8ee42aa14b07f8f95b8880d66b09/msgpack-1.2.1-cp314-cp314t-win_amd64.whl", hash = "sha256:f12038a35fabd52e56a3547bab42401af49a45caa6dd00b34c44de235bc93ee2", size = 77999, upload-time = "2026-06-18T16:13:50.467Z" },
    { url = "https://files.pythonhosted.org/packages/d2/8a/27e2e57055176e366a46b85d02d68e7a5bcfbdd8474c9706375d965f24d3/msgpack-1.2.1-cp314-cp314t-win_arm64.whl", hash = "sha256:0adcf06ffde0777c0e1a9b771a2b1c4226ba1bbf748c8efcc02fcdeca3299107", size = 71160, upload-time = "2026-06-18T16:13:51.498Z" },
]

[[package]]
name = "numpy"
version = "2.5.1"
source = { registry = "https://pypi.org/simple" }
sdist = { url = "https://files.pythonhosted.org/packages/22/fd/89965aa4ac08c74998539fcbf24fa3540f3e15237fbeb6bcf9c908f4aade/numpy-2.5.1.tar.gz", hash = "sha256:a48a113e6afea91f5608793bafa7ef2ad481fefbda87ec5069f483de61cb9fa3", size = 20755553, upload-time = "2026-07-04T17:08:00.933Z" }
wheels = [
    { url = "https://files.pythonhosted.org/packages/eb/07/ec2a3f0c91761581d4b7104a740791800025983f9a4dc4e73f91a99aeac4/numpy-2.5.1-cp313-cp313-macosx_10_13_x86_64.whl", hash = "sha256:0bfebd8695f9863592fe744be833a258120b14a9f39da255e8aa8fade2c0ddd1", size = 16796419, upload-time = "2026-07-04T17:06:40.37Z" },
    { url = "https://files.pythonhosted.org/packages/ab/ab/ddb499fc4f8780354395face5b65c7fd107bcd6e1d667a5f07d046956f6f/numpy-2.5.1-cp313-cp313-macosx_11_0_arm64.whl", hash = "sha256:30b44a6b53a7ae63c54c089a8726e5563ed302716c5b7ccc85afade40b0e7ff6", size = 11765832, upload-time = "2026-07-04T17:06:42.768Z" },
    { url = "https://files.pythonhosted.org/packages/88/b3/3c28c558a09fc72100c646dac6d2fce8e834c471b0edca01a29996706117/numpy-2.5.1-cp313-cp313-macosx_14_0_arm64.whl", hash = "sha256:6165343f81b56ef8f514f396989e529b61d9dc709b99421b07e9f3e698e2287d", size = 5325143, upload-time = "2026-07-04T17:06:45.466Z" },
    { url = "https://files.pythonhosted.org/packages/5e/0e/ce19b985bb15c596f4f05954e76cccc77c845083b3b8f938a6c68e523128/numpy-2.5.1-cp313-cp313-macosx_14_0_x86_64.whl", hash = "sha256:4939237038ada79308dda3204ac6462df056b5672b2e25db1149cf873668b3e1", size = 6659749, upload-time = "2026-07-04T17:06:47.288Z" },
    { url = "https://files.pythonhosted.org/packages/2e/20/1ee6614d64332a1bba6411f38e68cb79eec1b2459e20a623777c5c5492a2/numpy-2.5.1-cp313-cp313-manylinux_2_27_aarch64.manylinux_2_28_aarch64.whl", hash = "sha256:1c6759f538fb912fc46de0a6b1758ccf7b57bc7c7ebebc23974fdac3de8db0cd", size = 15164716, upload-time = "2026-07-04T17:06:49.494Z" },
    { url = "https://files.pythonhosted.org/packages/ed/a7/2bcd3fdbb87804755c35b729bf8709d62025c5f4cfd7d5b2415997097515/numpy-2.5.1-cp313-cp313-manylinux_2_27_x86_64.manylinux_2_28_x86_64.whl", hash = "sha256:9726558e8db4a5bf7929a70ae50f63abda4daf0efe810e3bfbab95976f75fc1a", size = 16661440, upload-time = "2026-07-04T17:06:52.061Z" },
    { url = "https://files.pythonhosted.org/packages/fc/d7/a41e3310c886fe457d36e670bbf24fae411aca8a7b6ad92a32afd924077c/numpy-2.5.1-cp313-cp313-musllinux_1_2_aarch64.whl", hash = "sha256:3935f3b419b244a02732676fa5317a9193cc596a4c0646db07e5b421229ac9f7", size = 16526305, upload-time = "2026-07-04T17:06:54.605Z" },
    { url = "https://files.pythonhosted.org/packages/53/75/4333a9a707c1edd3a4e1a0c58eca52c0f31e55089fa80db02b5565b24df7/numpy-2.5.1-cp313-cp313-musllinux_1_2_x86_64.whl", hash = "sha256:dc932a65ded7ce9013d120845a2514dcccb1a67bfc8deb8d37633762951904a6", size = 18423008, upload-time = "2026-07-04T17:06:57.54Z" },
    { url = "https://files.pythonhosted.org/packages/ee/90/e314a32b1c11a2ffe818ddad3a57b50b4b6e1b6c487192eb50cdef0415d0/numpy-2.5.1-cp313-cp313-win32.whl", hash = "sha256:4b4ff1608417eb7a59da7b967bbb798cacfe071d2caf526a24281cd562072ed9", size = 6063885, upload-time = "2026-07-04T17:07:00.14Z" },
    { url = "https://files.pythonhosted.org/packages/10/70/800b3fca480af32df9e8ea9f3d4a0c8feb4b32d7f195d174eabbda4829ad/numpy-2.5.1-cp313-cp313-win_amd64.whl", hash = "sha256:6c3fe51bc6a16453d452997053454f309e8e0ed7b42d6b361ce4ac8c32913d74", size = 12425674, upload-time = "2026-07-04T17:07:02.387Z" },
    { url = "https://files.pythonhosted.org/packages/8b/0b/196350c122f50f6ca56846f2d71efd5e0d24b7b2e07355e019b2e2c7a11e/numpy-2.5.1-cp313-cp313-win_arm64.whl", hash = "sha256:f7feb014281029e628ba2d5a007407443b06e418b6fe451d1e2adcbc8eba0107", size = 10350256, upload-time = "2026-07-04T17:07:04.878Z" },
    { url = "https://files.pythonhosted.org/packages/db/f4/731b6085a83faf6ca843394cbd5e217280c214399f7e8b21b9f552af0ae2/numpy-2.5.1-cp314-cp314-macosx_10_15_x86_64.whl", hash = "sha256:7c786fe9a5bbe360022e584c5a34cf6b54265c71bd7ec8ac3d8fec38968071f8", size = 16795063, upload-time = "2026-07-04T17:07:07.374Z" },
    { url = "https://files.pythonhosted.org/packages/bf/64/0e215f2048dd11a55bb989ed41b3585ef57452404e638d703a211a3e4157/numpy-2.5.1-cp314-cp314-macosx_11_0_arm64.whl", hash = "sha256:32985c896d897419ef8da6917872d80b78ad0ea26d85b23245c7366ffde76d75", size = 11776652, upload-time = "2026-07-04T17:07:09.907Z" },
    { url = "https://files.pythonhosted.org/packages/b5/59/2b844c7a6e9deff69b404a66221e1542937734f65d5e6e39411876053862/numpy-2.5.1-cp314-cp314-macosx_14_0_arm64.whl", hash = "sha256:efd736408cc97c79b9e6917338dfc8f06013b2274f992e96b1d9a81a71e2a2c2", size = 5335944, upload-time = "2026-07-04T17:07:12.227Z" },
    { url = "https://files.pythonhosted.org/packages/86/51/9bf7cb2cabcebc9e017e4ec7e6322b378317a542c08b4cb68479c1efc716/numpy-2.5.1-cp314-cp314-macosx_14_0_x86_64.whl", hash = "sha256:ab84dc6b074fa881cae55bea94cc4f68e285181ba7f32497bf7dee6b1496165b", size = 6656266, upload-time = "2026-07-04T17:07:14.368Z" },
    { url = "https://files.pythonhosted.org/packages/83/3e/fb7615b211b82a32f44d5180a6d421b61f84d4fadd578b48ba4ac34e189f/numpy-2.5.1-cp314-cp314-manylinux_2_27_aarch64.manylinux_2_28_aarch64.whl", hash = "sha256:caf3e317d33d60c37986b452613f4ab51246d0691350c03d0cb4a898627f4a95", size = 15179720, upload-time = "2026-07-04T17:07:16.272Z" },
    { url = "https://files.pythonhosted.org/packages/41/5f/0f992cb24560673496c5d68de61913b57166ce530ffda07c1f280e0cc464/numpy-2.5.1-cp314-cp314-manylinux_2_27_x86_64.manylinux_2_28_x86_64.whl", hash = "sha256:54ad769f17bc2d833b620851989f62054fb9ab93c969d9e1dc3c8e3d56beea21", size = 16664835, upload-time = "2026-07-04T17:07:19.021Z" },
    { url = "https://files.pythonhosted.org/packages/a2/2f/97d6475ee91afe2587797d09446f9d3e475ad4cb681662d824809327b75a/numpy-2.5.1-cp314-cp314-musllinux_1_2_aarch64.whl", hash = "sha256:c12afb53450fa976d4c681c50a7423729a4c51c0465ed9f32b8a9cabbc472373", size = 16539135, upload-time = "2026-07-04T17:07:22.015Z" },
    { url = "https://files.pythonhosted.org/packages/c4/5b/4db81e4ba0be7e2776b1de68c82aa862c7f8ec27e1b4927d4ae075e20678/numpy-2.5.1-cp314-cp314-musllinux_1_2_x86_64.whl", hash = "sha256:e8c11c405efc5ff6816d5983c96cdfa215bab3428961243af3ff59b228490438", size = 18426684, upload-time = "2026-07-04T17:07:24.941Z" },
    { url = "https://files.pythonhosted.org/packages/1f/64/c0ba2d90724d450279a7df8f32057241070250a26a7e2b5337d77347f481/numpy-2.5.1-cp314-cp314-win32.whl", hash = "sha256:f2479a47f8d5932d1718168a681ad6e536a9df484c83cfcf9de365e164537ace", size = 6116103, upload-time = "2026-07-04T17:07:27.622Z" },
    { url = "https://files.pythonhosted.org/packages/c1/1a/837f9ed7405adcd7a40538792eb169eddd8fa5630c16a1ef49dae71a30f4/numpy-2.5.1-cp314-cp314-win_amd64.whl", hash = "sha256:24d0eb82c0541d3415a33425db64ae439dffccd7b4dbcb30e7c35120205c506a", size = 12562177, upload-time = "2026-07-04T17:07:29.887Z" },
    { url = "https://files.pythonhosted.org/packages/22/ed/49707938b6dd0a78a9178dd93227dc89e4c11af47f5c798d70366e8d0483/numpy-2.5.1-cp314-cp314-win_arm64.whl", hash = "sha256:5a4c988b38d261deeeaad9954e3deb091ad905c94e8bb6708654ef1d97f286b0", size = 10627739, upload-time = "2026-07-04T17:07:32.568Z" },
    { url = "https://files.pythonhosted.org/packages/a6/c7/bb4b882cfe7f299cbc8b66e42e7dd78cf9d14e40f9469fc5e3db7e15b3bd/numpy-2.5.1-cp314-cp314t-macosx_11_0_arm64.whl", hash = "sha256:a33276be12fa045805f477f22482088b66bb758ffbe89a9d21457de863a32e22", size = 11894709, upload-time = "2026-07-04T17:07:34.941Z" },
    { url = "https://files.pythonhosted.org/packages/40/3f/5af7f4a7f6224aef48017aa82bb6174c7a659d724be0c75017b7e64a55b4/numpy-2.5.1-cp314-cp314t-macosx_14_0_arm64.whl", hash = "sha256:f089d7b00756190aacf1f5d34bdf38c3c430ac82b4f868f8cede73380460fce7", size = 5453810, upload-time = "2026-07-04T17:07:37.495Z" },
    { url = "https://files.pythonhosted.org/packages/20/c9/3474309bc94d634d3f9c3eddf03250ecb8c22cd948ef16fef69a77cc5d7b/numpy-2.5.1-cp314-cp314t-macosx_14_0_x86_64.whl", hash = "sha256:09e9bfd8d2cf479c7d174804fb3811c53a8e9f20a37444008606b57d6b7a826d", size = 6761189, upload-time = "2026-07-04T17:07:39.563Z" },
    { url = "https://files.pythonhosted.org/packages/90/8a/558ae39fdd55d7e7f7fef9a84a6e964ac6b23edbd2a07e52bb084500507d/numpy-2.5.1-cp314-cp314t-manylinux_2_27_aarch64.manylinux_2_28_aarch64.whl", hash = "sha256:e68d8dd1e7eba712948f2053a29ec86917bc70ba1358df869d9f06649ef9cf09", size = 15225039, upload-time = "2026-07-04T17:07:41.682Z" },
    { url = "https://files.pythonhosted.org/packages/63/27/ca7392b2d030277bdf0273e7d23255b3ee57d57a7c170a6f4fb3981e1e5d/numpy-2.5.1-cp314-cp314t-manylinux_2_27_x86_64.manylinux_2_28_x86_64.whl", hash = "sha256:99d5095fa265a0c4152e7bb12759e14381ef5496152f1ce58f44bdf55c44beb4", size = 16701306, upload-time = "2026-07-04T17:07:44.611Z" },
    { url = "https://files.pythonhosted.org/packages/02/42/03d53ae7996c44d4374a8262e9dc41671fd56cbb98f7d47ef85cf5da4c6b/numpy-2.5.1-cp314-cp314t-musllinux_1_2_aarch64.whl", hash = "sha256:ab87a91b3cc3382b8956095bd8f95e00cf679bb81554339be1a2ba404a1473c1", size = 16589955, upload-time = "2026-07-04T17:07:47.694Z" },
    { url = "https://files.pythonhosted.org/packages/7b/15/6c1784ae469640e65db111e9a34b3d0f14d91e8a38b9ce34810ced370dbb/numpy-2.5.1-cp314-cp314t-musllinux_1_2_x86_64.whl", hash = "sha256:224ca51130ef7da85bea2191625181cb4f337f9cb64b471f10c1a12aa8b60077", size = 18464252, upload-time = "2026-07-04T17:07:50.684Z" },
    { url = "https://files.pythonhosted.org/packages/94/a8/f98e50356cf167df656c526c2dfeec2d7dde182f2a3da4b458a5938e2776/numpy-2.5.1-cp314-cp314t-win32.whl", hash = "sha256:6eab239876581b2b3c5a242281b6007bbdbcd1c7085d7709bb57c5929b11e6bf", size = 6263298, upload-time = "2026-07-04T17:07:53.445Z" },
    { url = "https://files.pythonhosted.org/packages/72/ac/96ae880cdecad0b3275d9359fcec72667b49a4863c9f12942e43679dda02/numpy-2.5.1-cp314-cp314t-win_amd64.whl", hash = "sha256:83ce9c80d5b521b0d77ddcbe5447c218d247929b6cc056ca5351342accfff0af", size = 12748623, upload-time = "2026-07-04T17:07:55.384Z" },
    { url = "https://files.pythonhosted.org/packages/a1/5a/4d2b1601df3602dba7a14f3348ba9bfe94a18adb428e693df6154c293831/numpy-2.5.1-cp314-cp314t-win_arm64.whl", hash = "sha256:5a6db61f9aaa57e369905c67d852045d3c4f7126405b29d09b19dec118e9c9cb", size = 10697674, upload-time = "2026-07-04T17:07:58.506Z" },
]

[[package]]
name = "pycparser"
version = "3.0"
source = { registry = "https://pypi.org/simple" }
sdist = { url = "https://files.pythonhosted.org/packages/1b/7d/92392ff7815c21062bea51aa7b87d45576f649f16458d78b7cf94b9ab2e6/pycparser-3.0.tar.gz", hash = "sha256:600f49d217304a5902ac3c37e1281c9fe94e4d0489de643a9504c5cdfdfc6b29", size = 103492, upload-time = "2026-01-21T14:26:51.89Z" }
wheels = [
    { url = "https://files.pythonhosted.org/packages/0c/c3/44f3fbbfa403ea2a7c779186dc20772604442dde72947e7d01069cbe98e3/pycparser-3.0-py3-none-any.whl", hash = "sha256:b727414169a36b7d524c1c3e31839a521725078d7b2ff038656844266160a992", size = 48172, upload-time = "2026-01-21T14:26:50.693Z" },
]

[[package]]
name = "tcod"
version = "21.2.1"
source = { registry = "https://pypi.org/simple" }
dependencies = [
    { name = "attrs" },
    { name = "cffi" },
    { name = "numpy", marker = "implementation_name != 'pypy'" },
    { name = "typing-extensions" },
]
sdist = { url = "https://files.pythonhosted.org/packages/87/1b/53910bfd5f68cdb6b3412bd65ab7209fdc4cf53d2b277bbd07db8627fecd/tcod-21.2.1.tar.gz", hash = "sha256:7c6700fd3239044c268250874861c0cde96cbd6d80a4055e9b2442ce952d7b0a", size = 855879, upload-time = "2026-06-04T02:03:06.236Z" }
wheels = [
    { url = "https://files.pythonhosted.org/packages/65/16/95919304c6552e15803893660e3115e504d01540aa6e12e9f511b12c7d31/tcod-21.2.1-cp310-abi3-macosx_10_13_universal2.whl", hash = "sha256:a481b535f93d0befd71721b198163e69217560a559b044dfb85cf50f1feaae02", size = 3854753, upload-time = "2026-06-04T02:02:32.725Z" },
    { url = "https://files.pythonhosted.org/packages/d7/b7/7f9073a770322f282ec10484323cd3400fe9ca3506f51c70fbb867448a06/tcod-21.2.1-cp310-abi3-manylinux_2_27_aarch64.manylinux_2_28_aarch64.whl", hash = "sha256:237becb88e131e41feb9856f731dad6ec4e839c5dcf72cf92d1172b4259ef9c1", size = 8240449, upload-time = "2026-06-04T02:02:35.154Z" },
    { url = "https://files.pythonhosted.org/packages/8c/73/74b30e2602b3630e6371a760938e4842e32937ab3c095edf75ac43d2a628/tcod-21.2.1-cp310-abi3-manylinux_2_27_x86_64.manylinux_2_28_x86_64.whl", hash = "sha256:d8742c9cfd490b53e21acce7773bd02fad9d5e22b224f8d5dad55c0cfc0ad593", size = 8577925, upload-time = "2026-06-04T02:02:37.56Z" },
    { url = "https://files.pythonhosted.org/packages/76/85/1a513a94cb8bc1ce465b7ef3d5331f16d1ba48185180cb68f46be37b2162/tcod-21.2.1-cp310-abi3-pyemscripten_2025_0_wasm32.whl", hash = "sha256:2abdfadbe413a1bf45cab5a228d25b043f440a595ea224349fef4fe93937a8ae", size = 673762, upload-time = "2026-06-04T02:02:41.36Z" },
    { url = "https://files.pythonhosted.org/packages/99/72/b513a37c883b51d47e63c24554f6153cb85c28d00fd0dd7f17b1e4b01976/tcod-21.2.1-cp310-abi3-win32.whl", hash = "sha256:514eb8820b5079f94f375439bad16989c489bcf67d3c4b259f5b5282f139f311", size = 1603600, upload-time = "2026-06-04T02:02:42.777Z" },
    { url = "https://files.pythonhosted.org/packages/21/44/ce2da32b28acaed697bb9edaf1cfbfd16cb718badf0e49e0ba2db544abb3/tcod-21.2.1-cp310-abi3-win_amd64.whl", hash = "sha256:a4feab0f9fcb3535478eff170726d54d7473dcc49cda676ca6a44e7199ae9119", size = 1894474, upload-time = "2026-06-04T02:02:45.376Z" },
    { url = "https://files.pythonhosted.org/packages/3e/d4/225e568159f0d5ab40161f98b54fe53509e1c71c0d097a0adb4942404574/tcod-21.2.1-cp310-abi3-win_arm64.whl", hash = "sha256:ecb4f4b88f2831140d70e7ea02ae70e63a3b2d60cd59f830a05dfde9c0b1aa39", size = 1667411, upload-time = "2026-06-04T02:02:46.694Z" },
    { url = "https://files.pythonhosted.org/packages/ec/c2/4091f5ed9249101a8069c62fd0200262d940bda7fad8821f427e852620cb/tcod-21.2.1-cp314-cp314t-macosx_10_15_universal2.whl", hash = "sha256:d90fb26a71328c6ca536d8574290b041277d89f32a5d101c4fc37176d27f9829", size = 3873063, upload-time = "2026-06-04T02:02:48.293Z" },
    { url = "https://files.pythonhosted.org/packages/76/30/16a66a1eb97b5ac09115beab1519cd7ea6a7d1289abc2c8692dc06ce00d1/tcod-21.2.1-cp314-cp314t-manylinux_2_27_aarch64.manylinux_2_28_aarch64.whl", hash = "sha256:b8afd7a8efcb2ff67ffdc1a9ecf0555b0513c7643e62e11a38c4e382ecb80b32", size = 8330030, upload-time = "2026-06-04T02:02:49.899Z" },
    { url = "https://files.pythonhosted.org/packages/cb/23/06b9c55f91bf4ad41dd970baf888b04b3c264c27acdb61c6434883328fd8/tcod-21.2.1-cp314-cp314t-manylinux_2_27_x86_64.manylinux_2_28_x86_64.whl", hash = "sha256:f4479ee77d2bd22079221d8c34c79b14addce6aa9ecdb4b48a26d7b02dfb6289", size = 8666214, upload-time = "2026-06-04T02:02:51.715Z" },
    { url = "https://files.pythonhosted.org/packages/30/e6/ffb330ef056ed924e07882491a9f7cfd5fa96f3bc870c7591c21cab4aef8/tcod-21.2.1-cp314-cp314t-win32.whl", hash = "sha256:99da7717398aa07a50161bf4bd7020e4c1ca89022042db4ee1661ca8807aa06e", size = 1651943, upload-time = "2026-06-04T02:02:53.631Z" },
    { url = "https://files.pythonhosted.org/packages/ce/15/6f6ddb088c85d06255551f5c93be91c8326c1793c86394661e799702fc6a/tcod-21.2.1-cp314-cp314t-win_amd64.whl", hash = "sha256:c410b5ea1901ed777b221350febfd35ac75b223df52d8913b0737f5ee6ff9024", size = 1957054, upload-time = "2026-06-04T02:02:55.147Z" },
    { url = "https://files.pythonhosted.org/packages/46/f6/b9a2f6110c3f2dd6117e98d52219f88e8d6353ba901173b8c9b6544c9b4a/tcod-21.2.1-cp314-cp314t-win_arm64.whl", hash = "sha256:a37b8dbf46b2cac19dfed3e1fcef0fda756ff7aff926a99e038c39e08949c7a7", size = 1719047, upload-time = "2026-06-04T02:02:56.655Z" },
]

[[package]]
name = "touhouroguelikeattempt3"
version = "0.1.0"
source = { virtual = "." }
dependencies = [
    { name = "msgpack" },
    { name = "tcod" },
]

[package.metadata]
requires-dist = [
    { name = "msgpack", specifier = ">=1.2.1" },
    { name = "tcod", specifier = ">=21.2.1" },
]

[[package]]
name = "typing-extensions"
version = "4.16.0"
source = { registry = "https://pypi.org/simple" }
sdist = { url = "https://files.pythonhosted.org/packages/f6/cc/6253133b5bb138fc3306cebfbda2c520f545d36b5be2c7255cc528bb45d6/typing_extensions-4.16.0.tar.gz", hash = "sha256:dc983d19a509c94dba722ee6abd33940f7c05a89e243c47e907eb4db6f1a43e5", size = 113555, upload-time = "2026-07-02T08:40:05.92Z" }
wheels = [
    { url = "https://files.pythonhosted.org/packages/49/d3/b8441a820a491ddfc024b0b0cf0393375b75ea13866d9c66727e54c2fc80/typing_extensions-4.16.0-py3-none-any.whl", hash = "sha256:481caa481374e813c1b176ada14e97f1f67a4539ce9cfeb3f350d78d6370c2e8", size = 45571, upload-time = "2026-07-02T08:40:04.659Z" },
]
